
Microsoft Visual Studio Solution File, Format Version 12.00
# Visual Studio Version 17
VisualStudioVersion = 17.1.32210.238
MinimumVisualStudioVersion = 10.0.40219.1
Project("{FAE04EC0-301F-11D3-BF4B-00C04F79EFBC}") = "oebb.efi.ui.Api", "oebb.efi.ui.Api\oebb.efi.ui.Api.csproj", "{388D31BD-4FF3-4A91-9597-7618C4FA3A32}"
EndProject
Project("{FAE04EC0-301F-11D3-BF4B-00C04F79EFBC}") = "oebb.efi.DataAccess", "oebb.efi.DataAccess\oebb.efi.DataAccess.csproj", "{E8B78738-B066-4BC4-924A-39244DA4AA38}"
EndProject
Global
	GlobalSection(SolutionConfigurationPlatforms) = preSolution
		Debug|Any CPU = Debug|Any CPU
		Release|Any CPU = Release|Any CPU
	EndGlobalSection
	GlobalSection(ProjectConfigurationPlatforms) = postSolution
		{388D31BD-4FF3-4A91-9597-7618C4FA3A32}.Debug|Any CPU.ActiveCfg = Debug|Any CPU
		{388D31BD-4FF3-4A91-9597-7618C4FA3A32}.Debug|Any CPU.Build.0 = Debug|Any CPU
		{388D31BD-4FF3-4A91-9597-7618C4FA3A32}.Release|Any CPU.ActiveCfg = Release|Any CPU
		{388D31BD-4FF3-4A91-9597-7618C4FA3A32}.Release|Any CPU.Build.0 = Release|Any CPU
		{E8B78738-B066-4BC4-924A-39244DA4AA38}.Debug|Any CPU.ActiveCfg = Debug|Any CPU
		{E8B78738-B066-4BC4-924A-39244DA4AA38}.Debug|Any CPU.Build.0 = Debug|Any CPU
		{E8B78738-B066-4BC4-924A-39244DA4AA38}.Release|Any CPU.ActiveCfg = Release|Any CPU
		{E8B78738-B066-4BC4-924A-39244DA4AA38}.Release|Any CPU.Build.0 = Release|Any CPU
	EndGlobalSection
	GlobalSection(SolutionProperties) = preSolution
		HideSolutionNode = FALSE
	EndGlobalSection
	GlobalSection(ExtensibilityGlobals) = postSolution
		SolutionGuid = {E1D0F7CC-2E1C-4627-93D7-9516E01E7B8F}
	EndGlobalSection
EndGlobal
